github.com/pkg/term v0.0.0-20190109203006-aa71e9d9e942 h1:A7GG7zcGjl3jqAqGPmcNjd/D9hzL95SuoOQAaFNdLU0=
github.com/pkg/term v0.0.0-20190109203006-aa71e9d9e942/go.mod h1:eCbImbZ95eXtAUIbLAuAVnBnwf83mjf6QIVH8SHYwqQ=
github.com/shreve/go-roku v0.0.0-20200201214839-b0e798196ebe h1:IebY7olWki8XI8uSY/uObyhhVaFOp4DmvesFiAibSqM=
github.com/shreve/go-roku/roku v0.0.0-20200201214839-b0e798196ebe h1:uZ6QPpZ2YsfbMPwr4avNqJamv3YzQTpfhYSCXxveKIA=
github.com/shreve/go-roku/roku v0.0.0-20200201214839-b0e798196ebe/go.mod h1:j8P9WM8ieC2nD1eAdHi+RmAQe7XFLc12B34qTRdb8jo=
github.com/shreve/tui v0.0.0-20191227044428-35e3ce9c440b h1:NBttvJABLzKt1J5AmBV3jjaj+fYy5hIHlnF3mRI4rDA=
github.com/shreve/tui v0.0.0-20191227044428-35e3ce9c440b/go.mod h1:a6NJG5pKGpKeLIUWQEAy97DNvZoX16yoHvmqCZbsSRU=
github.com/shreve/tui/ansi v0.0.0-20191227040747-e717313e9341 h1:M2jUBwhohX+P8GAPH8Hlatjr2n1ECjyHo7mumeh1DIA=
github.com/shreve/tui/ansi v0.0.0-20191227040747-e717313e9341/go.mod h1:CUYtjaasjjvkAHUZqw22dcvLYjpx5kPsgMoSxG+WKfk=
golang.org/x/sys v0.0.0-20191224085550-c709ea063b76/go.mod h1:h1NjWce9XRLGQEsW7wpKNCjG9DtNlClVuFLEZdDNbEs=
