github.com/pkg/term v0.0.0-20190109203006-aa71e9d9e942 h1:A7GG7zcGjl3jqAqGPmcNjd/D9hzL95SuoOQAaFNdLU0=
github.com/pkg/term v0.0.0-20190109203006-aa71e9d9e942/go.mod h1:eCbImbZ95eXtAUIbLAuAVnBnwf83mjf6QIVH8SHYwqQ=
github.com/shreve/tui v0.0.0-20200518052943-a1167413379a h1:JWj1FoPmfRLxHFiWCc0AgxVBOfJEH3HWiRF29ETcO5M=
github.com/shreve/tui v0.0.0-20200518052943-a1167413379a/go.mod h1:gITJqoHQC8PpOfdomSyNRYBV3zPXFknQiBH5SOrOryc=
github.com/shreve/tui/ansi v0.0.0-20191227040747-e717313e9341/go.mod h1:CUYtjaasjjvkAHUZqw22dcvLYjpx5kPsgMoSxG+WKfk=
github.com/shreve/tui/ansi v0.0.0-20200518052943-a1167413379a h1:QniT2zylJN3WZNykb3IGjyDqR6pg3wAzRSkDNukz10E=
github.com/shreve/tui/ansi v0.0.0-20200518052943-a1167413379a/go.mod h1:CUYtjaasjjvkAHUZqw22dcvLYjpx5kPsgMoSxG+WKfk=
golang.org/x/sys v0.0.0-20191224085550-c709ea063b76/go.mod h1:h1NjWce9XRLGQEsW7wpKNCjG9DtNlClVuFLEZdDNbEs=
